
Microsoft Visual Studio Solution File, Format Version 12.00
# Visual Studio Version 16
VisualStudioVersion = 16.0.29728.190
MinimumVisualStudioVersion = 10.0.40219.1
Project("{9A19103F-16F7-4668-BE54-9A1E7A4F7556}") = "DresdenUltimateCasting.Web", "DresdenUltimateCasting\DresdenUltimateCasting.Web.csproj", "{3966380A-E3E4-42E5-995A-C7D6BB9B1BEA}"
EndProject
Project("{FAE04EC0-301F-11D3-BF4B-00C04F79EFBC}") = "DresdenUltimateCasting.Database", "DresdenUltimateCasting.Database\DresdenUltimateCasting.Database.csproj", "{D442030F-3E75-417F-A02B-768546B2DC3C}"
EndProject
Global
	GlobalSection(SolutionConfigurationPlatforms) = preSolution
		Debug|Any CPU = Debug|Any CPU
		Release|Any CPU = Release|Any CPU
	EndGlobalSection
	GlobalSection(ProjectConfigurationPlatforms) = postSolution
		{3966380A-E3E4-42E5-995A-C7D6BB9B1BEA}.Debug|Any CPU.ActiveCfg = Debug|Any CPU
		{3966380A-E3E4-42E5-995A-C7D6BB9B1BEA}.Debug|Any CPU.Build.0 = Debug|Any CPU
		{3966380A-E3E4-42E5-995A-C7D6BB9B1BEA}.Release|Any CPU.ActiveCfg = Release|Any CPU
		{3966380A-E3E4-42E5-995A-C7D6BB9B1BEA}.Release|Any CPU.Build.0 = Release|Any CPU
		{D442030F-3E75-417F-A02B-768546B2DC3C}.Debug|Any CPU.ActiveCfg = Debug|Any CPU
		{D442030F-3E75-417F-A02B-768546B2DC3C}.Debug|Any CPU.Build.0 = Debug|Any CPU
		{D442030F-3E75-417F-A02B-768546B2DC3C}.Release|Any CPU.ActiveCfg = Release|Any CPU
		{D442030F-3E75-417F-A02B-768546B2DC3C}.Release|Any CPU.Build.0 = Release|Any CPU
	EndGlobalSection
	GlobalSection(SolutionProperties) = preSolution
		HideSolutionNode = FALSE
	EndGlobalSection
	GlobalSection(ExtensibilityGlobals) = postSolution
		SolutionGuid = {B4E5E8E2-3ECE-40AA-A804-CD3693EE6DC2}
	EndGlobalSection
EndGlobal
